
Microsoft Visual Studio Solution File, Format Version 12.00
# Visual Studio Version 16
VisualStudioVersion = 16.0.29006.145
MinimumVisualStudioVersion = 10.0.40219.1
Project("{9A19103F-16F7-4668-BE54-9A1E7A4F7556}") = "WebCore", "WebCore\WebCore.csproj", "{1CEE3B2C-E34F-4044-81B0-FFEA47F3C02E}"
EndProject
Project("{9A19103F-16F7-4668-BE54-9A1E7A4F7556}") = "ChartJs.Blazor", "ChartJs.Blazor\ChartJs.Blazor.csproj", "{5D532BB9-E378-4FD2-9E03-878D52EBDCD1}"
EndProject
Global
	GlobalSection(SolutionConfigurationPlatforms) = preSolution
		Debug|Any CPU = Debug|Any CPU
		Release|Any CPU = Release|Any CPU
	EndGlobalSection
	GlobalSection(ProjectConfigurationPlatforms) = postSolution
		{1CEE3B2C-E34F-4044-81B0-FFEA47F3C02E}.Debug|Any CPU.ActiveCfg = Debug|Any CPU
		{1CEE3B2C-E34F-4044-81B0-FFEA47F3C02E}.Debug|Any CPU.Build.0 = Debug|Any CPU
		{1CEE3B2C-E34F-4044-81B0-FFEA47F3C02E}.Release|Any CPU.ActiveCfg = Release|Any CPU
		{1CEE3B2C-E34F-4044-81B0-FFEA47F3C02E}.Release|Any CPU.Build.0 = Release|Any CPU
		{5D532BB9-E378-4FD2-9E03-878D52EBDCD1}.Debug|Any CPU.ActiveCfg = Debug|Any CPU
		{5D532BB9-E378-4FD2-9E03-878D52EBDCD1}.Debug|Any CPU.Build.0 = Debug|Any CPU
		{5D532BB9-E378-4FD2-9E03-878D52EBDCD1}.Release|Any CPU.ActiveCfg = Release|Any CPU
		{5D532BB9-E378-4FD2-9E03-878D52EBDCD1}.Release|Any CPU.Build.0 = Release|Any CPU
	EndGlobalSection
	GlobalSection(SolutionProperties) = preSolution
		HideSolutionNode = FALSE
	EndGlobalSection
	GlobalSection(ExtensibilityGlobals) = postSolution
		SolutionGuid = {29AEDAB2-D6B4-47D4-B84B-97731FD856C8}
	EndGlobalSection
EndGlobal
